{
    "name": "lyrics-engine",
    "version": "1.0.0",
    "lockfileVersion": 2,
    "requires": true,
    "packages": {
        "": {
            "name": "lyrics-engine",
            "version": "1.0.0",
            "dependencies": {
                "json-query": "^2.2.2",
                "lodash": "^4.17.21",
                "lowdb": "^3.0.0",
                "node-fetch": "^2.6.1"
            }
        },
        "node_modules/json-query": {
            "version": "2.2.2",
            "resolved": "https://registry.npmjs.org/json-query/-/json-query-2.2.2.tgz",
            "integrity": "sha1-tlWLijeUzNIXkmqjgCQyS3e0irE=",
            "engines": {
                "node": "*"
            }
        },
        "node_modules/lodash": {
            "version": "4.17.21",
            "resolved": "https://registry.npmjs.org/lodash/-/lodash-4.17.21.tgz",
            "integrity": "sha512-v2kDEe57lecTulaDIuNTPy3Ry4gLGJ6Z1O3vE1krgXZNrsQ+LFTGHVxVjcXPs17LhbZVGedAJv8XZ1tvj5FvSg=="
        },
        "node_modules/lowdb": {
            "version": "3.0.0",
            "resolved": "https://registry.npmjs.org/lowdb/-/lowdb-3.0.0.tgz",
            "integrity": "sha512-9KZRulmIcU8fZuWiaM0d5e2/nPnrFyXkeXVpqT+MJS+vgbgOf1EbtvgQmba8HwUFgDl1oeZR6XqEJnkJmQdKmg==",
            "dependencies": {
                "steno": "^2.1.0"
            },
            "engines": {
                "node": "^12.20.0 || ^14.13.1 || >=16.0.0"
            },
            "funding": {
                "url": "https://github.com/sponsors/typicode"
            }
        },
        "node_modules/node-fetch": {
            "version": "2.6.7",
            "resolved": "https://registry.npmjs.org/node-fetch/-/node-fetch-2.6.7.tgz",
            "integrity": "sha512-ZjMPFEfVx5j+y2yF35Kzx5sF7kDzxuDj6ziH4FFbOp87zKDZNx8yExJIb05OGF4Nlt9IHFIMBkRl41VdvcNdbQ==",
            "dependencies": {
                "whatwg-url": "^5.0.0"
            },
            "engines": {
                "node": "4.x || >=6.0.0"
            },
            "peerDependencies": {
                "encoding": "^0.1.0"
            },
            "peerDependenciesMeta": {
                "encoding": {
                    "optional": true
                }
            }
        },
        "node_modules/steno": {
            "version": "2.1.0",
            "resolved": "https://registry.npmjs.org/steno/-/steno-2.1.0.tgz",
            "integrity": "sha512-mauOsiaqTNGFkWqIfwcm3y/fq+qKKaIWf1vf3ocOuTdco9XoHCO2AGF1gFYXuZFSWuP38Q8LBHBGJv2KnJSXyA==",
            "engines": {
                "node": "^14.13.1 || >=16.0.0"
            },
            "funding": {
                "url": "https://github.com/sponsors/typicode"
            }
        },
        "node_modules/tr46": {
            "version": "0.0.3",
            "resolved": "https://registry.npmjs.org/tr46/-/tr46-0.0.3.tgz",
            "integrity": "sha1-gYT9NH2snNwYWZLzpmIuFLnZq2o="
        },
        "node_modules/webidl-conversions": {
            "version": "3.0.1",
            "resolved": "https://registry.npmjs.org/webidl-conversions/-/webidl-conversions-3.0.1.tgz",
            "integrity": "sha1-JFNCdeKnvGvnvIZhHMFq4KVlSHE="
        },
        "node_modules/whatwg-url": {
            "version": "5.0.0",
            "resolved": "https://registry.npmjs.org/whatwg-url/-/whatwg-url-5.0.0.tgz",
            "integrity": "sha1-lmRU6HZUYuN2RNNib2dCzotwll0=",
            "dependencies": {
                "tr46": "~0.0.3",
                "webidl-conversions": "^3.0.0"
            }
        }
    },
    "dependencies": {
        "json-query": {
            "version": "2.2.2",
            "resolved": "https://registry.npmjs.org/json-query/-/json-query-2.2.2.tgz",
            "integrity": "sha1-tlWLijeUzNIXkmqjgCQyS3e0irE="
        },
        "lodash": {
            "version": "4.17.21",
            "resolved": "https://registry.npmjs.org/lodash/-/lodash-4.17.21.tgz",
            "integrity": "sha512-v2kDEe57lecTulaDIuNTPy3Ry4gLGJ6Z1O3vE1krgXZNrsQ+LFTGHVxVjcXPs17LhbZVGedAJv8XZ1tvj5FvSg=="
        },
        "lowdb": {
            "version": "3.0.0",
            "resolved": "https://registry.npmjs.org/lowdb/-/lowdb-3.0.0.tgz",
            "integrity": "sha512-9KZRulmIcU8fZuWiaM0d5e2/nPnrFyXkeXVpqT+MJS+vgbgOf1EbtvgQmba8HwUFgDl1oeZR6XqEJnkJmQdKmg==",
            "requires": {
                "steno": "^2.1.0"
            }
        },
        "node-fetch": {
            "version": "2.6.7",
            "resolved": "https://registry.npmjs.org/node-fetch/-/node-fetch-2.6.7.tgz",
            "integrity": "sha512-ZjMPFEfVx5j+y2yF35Kzx5sF7kDzxuDj6ziH4FFbOp87zKDZNx8yExJIb05OGF4Nlt9IHFIMBkRl41VdvcNdbQ==",
            "requires": {
                "whatwg-url": "^5.0.0"
            }
        },
        "steno": {
            "version": "2.1.0",
            "resolved": "https://registry.npmjs.org/steno/-/steno-2.1.0.tgz",
            "integrity": "sha512-mauOsiaqTNGFkWqIfwcm3y/fq+qKKaIWf1vf3ocOuTdco9XoHCO2AGF1gFYXuZFSWuP38Q8LBHBGJv2KnJSXyA=="
        },
        "tr46": {
            "version": "0.0.3",
            "resolved": "https://registry.npmjs.org/tr46/-/tr46-0.0.3.tgz",
            "integrity": "sha1-gYT9NH2snNwYWZLzpmIuFLnZq2o="
        },
        "webidl-conversions": {
            "version": "3.0.1",
            "resolved": "https://registry.npmjs.org/webidl-conversions/-/webidl-conversions-3.0.1.tgz",
            "integrity": "sha1-JFNCdeKnvGvnvIZhHMFq4KVlSHE="
        },
        "whatwg-url": {
            "version": "5.0.0",
            "resolved": "https://registry.npmjs.org/whatwg-url/-/whatwg-url-5.0.0.tgz",
            "integrity": "sha1-lmRU6HZUYuN2RNNib2dCzotwll0=",
            "requires": {
                "tr46": "~0.0.3",
                "webidl-conversions": "^3.0.0"
            }
        }
    }
}
